
Microsoft Visual Studio Solution File, Format Version 12.00
# Visual Studio Version 16
VisualStudioVersion = 16.0.31702.278
MinimumVisualStudioVersion = 10.0.40219.1
Project("{FAE04EC0-301F-11D3-BF4B-00C04F79EFBC}") = "StatePattern", "StatePattern.csproj", "{F77F19A7-9B76-4D97-A80D-5E4AF6C50A9C}"
EndProject
Global
	GlobalSection(SolutionConfigurationPlatforms) = preSolution
		Debug|Any CPU = Debug|Any CPU
		Release|Any CPU = Release|Any CPU
	EndGlobalSection
	GlobalSection(ProjectConfigurationPlatforms) = postSolution
		{F77F19A7-9B76-4D97-A80D-5E4AF6C50A9C}.Debug|Any CPU.ActiveCfg = Debug|Any CPU
		{F77F19A7-9B76-4D97-A80D-5E4AF6C50A9C}.Debug|Any CPU.Build.0 = Debug|Any CPU
		{F77F19A7-9B76-4D97-A80D-5E4AF6C50A9C}.Release|Any CPU.ActiveCfg = Release|Any CPU
		{F77F19A7-9B76-4D97-A80D-5E4AF6C50A9C}.Release|Any CPU.Build.0 = Release|Any CPU
	EndGlobalSection
	GlobalSection(SolutionProperties) = preSolution
		HideSolutionNode = FALSE
	EndGlobalSection
	GlobalSection(ExtensibilityGlobals) = postSolution
		SolutionGuid = {DE807DD7-DE77-49D6-ACC6-BB5359EAAF20}
	EndGlobalSection
EndGlobal
